
Microsoft Visual Studio Solution File, Format Version 12.00
# Visual Studio Version 17
VisualStudioVersion = 17.3.32922.545
MinimumVisualStudioVersion = 10.0.40219.1
Project("{8BC9CEB8-8B4A-11D0-8D11-00A0C91BC942}") = "Chap02_Array01", "Chap02_Array01\Chap02_Array01.vcxproj", "{4DA94A13-CB9A-468E-B95B-0B26A94C3A0D}"
EndProject
Project("{8BC9CEB8-8B4A-11D0-8D11-00A0C91BC942}") = "Array02_1", "Array02_1\Array02_1.vcxproj", "{A82C8F63-67FA-4B6F-B274-4562B89757E9}"
EndProject
Project("{8BC9CEB8-8B4A-11D0-8D11-00A0C91BC942}") = "Chap02_2class", "Chap02_2class\Chap02_2class.vcxproj", "{728CE64D-98B9-499D-A97F-C6727B7F311A}"
EndProject
Global
	GlobalSection(SolutionConfigurationPlatforms) = preSolution
		Debug|x64 = Debug|x64
		Debug|x86 = Debug|x86
		Release|x64 = Release|x64
		Release|x86 = Release|x86
	EndGlobalSection
	GlobalSection(ProjectConfigurationPlatforms) = postSolution
		{4DA94A13-CB9A-468E-B95B-0B26A94C3A0D}.Debug|x64.ActiveCfg = Debug|x64
		{4DA94A13-CB9A-468E-B95B-0B26A94C3A0D}.Debug|x64.Build.0 = Debug|x64
		{4DA94A13-CB9A-468E-B95B-0B26A94C3A0D}.Debug|x86.ActiveCfg = Debug|Win32
		{4DA94A13-CB9A-468E-B95B-0B26A94C3A0D}.Debug|x86.Build.0 = Debug|Win32
		{4DA94A13-CB9A-468E-B95B-0B26A94C3A0D}.Release|x64.ActiveCfg = Release|x64
		{4DA94A13-CB9A-468E-B95B-0B26A94C3A0D}.Release|x64.Build.0 = Release|x64
		{4DA94A13-CB9A-468E-B95B-0B26A94C3A0D}.Release|x86.ActiveCfg = Release|Win32
		{4DA94A13-CB9A-468E-B95B-0B26A94C3A0D}.Release|x86.Build.0 = Release|Win32
		{A82C8F63-67FA-4B6F-B274-4562B89757E9}.Debug|x64.ActiveCfg = Debug|x64
		{A82C8F63-67FA-4B6F-B274-4562B89757E9}.Debug|x64.Build.0 = Debug|x64
		{A82C8F63-67FA-4B6F-B274-4562B89757E9}.Debug|x86.ActiveCfg = Debug|Win32
		{A82C8F63-67FA-4B6F-B274-4562B89757E9}.Debug|x86.Build.0 = Debug|Win32
		{A82C8F63-67FA-4B6F-B274-4562B89757E9}.Release|x64.ActiveCfg = Release|x64
		{A82C8F63-67FA-4B6F-B274-4562B89757E9}.Release|x64.Build.0 = Release|x64
		{A82C8F63-67FA-4B6F-B274-4562B89757E9}.Release|x86.ActiveCfg = Release|Win32
		{A82C8F63-67FA-4B6F-B274-4562B89757E9}.Release|x86.Build.0 = Release|Win32
		{728CE64D-98B9-499D-A97F-C6727B7F311A}.Debug|x64.ActiveCfg = Debug|x64
		{728CE64D-98B9-499D-A97F-C6727B7F311A}.Debug|x64.Build.0 = Debug|x64
		{728CE64D-98B9-499D-A97F-C6727B7F311A}.Debug|x86.ActiveCfg = Debug|Win32
		{728CE64D-98B9-499D-A97F-C6727B7F311A}.Debug|x86.Build.0 = Debug|Win32
		{728CE64D-98B9-499D-A97F-C6727B7F311A}.Release|x64.ActiveCfg = Release|x64
		{728CE64D-98B9-499D-A97F-C6727B7F311A}.Release|x64.Build.0 = Release|x64
		{728CE64D-98B9-499D-A97F-C6727B7F311A}.Release|x86.ActiveCfg = Release|Win32
		{728CE64D-98B9-499D-A97F-C6727B7F311A}.Release|x86.Build.0 = Release|Win32
	EndGlobalSection
	GlobalSection(SolutionProperties) = preSolution
		HideSolutionNode = FALSE
	EndGlobalSection
	GlobalSection(ExtensibilityGlobals) = postSolution
		SolutionGuid = {36FEC2ED-AF37-44EA-8155-E059ED54A43C}
	EndGlobalSection
EndGlobal
